
Microsoft Visual Studio Solution File, Format Version 12.00
# Visual Studio 15
VisualStudioVersion = 15.0.26430.12
MinimumVisualStudioVersion = 10.0.40219.1
Project("{FAE04EC0-301F-11D3-BF4B-00C04F79EFBC}") = "SummarisedActuals.Client", "SummarisedActuals.Client\SummarisedActuals.Client.csproj", "{4770502D-9FE6-4A81-B4E5-FBB5465788CF}"
EndProject
Global
	GlobalSection(SolutionConfigurationPlatforms) = preSolution
		Debug|Any CPU = Debug|Any CPU
		OAT|Any CPU = OAT|Any CPU
		PreProd|Any CPU = PreProd|Any CPU
		Release|Any CPU = Release|Any CPU
	EndGlobalSection
	GlobalSection(ProjectConfigurationPlatforms) = postSolution
		{4770502D-9FE6-4A81-B4E5-FBB5465788CF}.Debug|Any CPU.ActiveCfg = Debug|Any CPU
		{4770502D-9FE6-4A81-B4E5-FBB5465788CF}.Debug|Any CPU.Build.0 = Debug|Any CPU
		{4770502D-9FE6-4A81-B4E5-FBB5465788CF}.OAT|Any CPU.ActiveCfg = OAT|Any CPU
		{4770502D-9FE6-4A81-B4E5-FBB5465788CF}.OAT|Any CPU.Build.0 = OAT|Any CPU
		{4770502D-9FE6-4A81-B4E5-FBB5465788CF}.PreProd|Any CPU.ActiveCfg = PreProd|Any CPU
		{4770502D-9FE6-4A81-B4E5-FBB5465788CF}.PreProd|Any CPU.Build.0 = PreProd|Any CPU
		{4770502D-9FE6-4A81-B4E5-FBB5465788CF}.Release|Any CPU.ActiveCfg = Release|Any CPU
		{4770502D-9FE6-4A81-B4E5-FBB5465788CF}.Release|Any CPU.Build.0 = Release|Any CPU
	EndGlobalSection
	GlobalSection(SolutionProperties) = preSolution
		HideSolutionNode = FALSE
	EndGlobalSection
	GlobalSection(TeamFoundationVersionControl) = preSolution
		SccNumberOfProjects = 2
		SccEnterpriseProvider = {4CA58AB2-18FA-4F8D-95D4-32DDF27D184C}
		SccTeamFoundationServer = https://sfa-fcs.visualstudio.com/
		SccLocalPath0 = .
		SccProjectUniqueName1 = SummarisedActuals.Client\\SummarisedActuals.Client.csproj
		SccProjectName1 = SummarisedActuals.Client
		SccLocalPath1 = SummarisedActuals.Client
	EndGlobalSection
EndGlobal
